
Microsoft Visual Studio Solution File, Format Version 12.00
# Visual Studio Version 17
VisualStudioVersion = 17.9.34728.123
MinimumVisualStudioVersion = 10.0.40219.1
Project("{FAE04EC0-301F-11D3-BF4B-00C04F79EFBC}") = "Schronisko", "Schronisko\Schronisko.csproj", "{03AA8491-E119-47F5-BF73-D9E64BCF0440}"
EndProject
Global
	GlobalSection(SolutionConfigurationPlatforms) = preSolution
		Debug|Any CPU = Debug|Any CPU
		Release|Any CPU = Release|Any CPU
	EndGlobalSection
	GlobalSection(ProjectConfigurationPlatforms) = postSolution
		{03AA8491-E119-47F5-BF73-D9E64BCF0440}.Debug|Any CPU.ActiveCfg = Debug|Any CPU
		{03AA8491-E119-47F5-BF73-D9E64BCF0440}.Debug|Any CPU.Build.0 = Debug|Any CPU
		{03AA8491-E119-47F5-BF73-D9E64BCF0440}.Release|Any CPU.ActiveCfg = Release|Any CPU
		{03AA8491-E119-47F5-BF73-D9E64BCF0440}.Release|Any CPU.Build.0 = Release|Any CPU
	EndGlobalSection
	GlobalSection(SolutionProperties) = preSolution
		HideSolutionNode = FALSE
	EndGlobalSection
	GlobalSection(ExtensibilityGlobals) = postSolution
		SolutionGuid = {46AB3BF7-59CC-4AB2-8DE2-34CE0BFF0F73}
	EndGlobalSection
EndGlobal
